
Microsoft Visual Studio Solution File, Format Version 12.00
# Visual Studio 15
VisualStudioVersion = 15.0.27130.2026
MinimumVisualStudioVersion = 10.0.40219.1
Project("{FAE04EC0-301F-11D3-BF4B-00C04F79EFBC}") = "GCop.Conditional", "GCop.Conditional\GCop.Conditional\GCop.Conditional.csproj", "{8FD77429-1D3B-46C3-9D81-DDAAF85615C9}"
EndProject
Project("{FAE04EC0-301F-11D3-BF4B-00C04F79EFBC}") = "GCop.Conditional.Test", "GCop.Conditional\GCop.Conditional.Test\GCop.Conditional.Test.csproj", "{73F0A533-6E24-4142-BEE8-EC23468B7D73}"
EndProject
Project("{FAE04EC0-301F-11D3-BF4B-00C04F79EFBC}") = "GCop.Conditional.Vsix", "GCop.Conditional\GCop.Conditional.Vsix\GCop.Conditional.Vsix.csproj", "{15636ED6-A1E1-4FFE-9080-AD541CC40E2B}"
EndProject
Global
	GlobalSection(SolutionConfigurationPlatforms) = preSolution
		Debug|Any CPU = Debug|Any CPU
		Release|Any CPU = Release|Any CPU
	EndGlobalSection
	GlobalSection(ProjectConfigurationPlatforms) = postSolution
		{8FD77429-1D3B-46C3-9D81-DDAAF85615C9}.Debug|Any CPU.ActiveCfg = Debug|Any CPU
		{8FD77429-1D3B-46C3-9D81-DDAAF85615C9}.Debug|Any CPU.Build.0 = Debug|Any CPU
		{8FD77429-1D3B-46C3-9D81-DDAAF85615C9}.Release|Any CPU.ActiveCfg = Release|Any CPU
		{8FD77429-1D3B-46C3-9D81-DDAAF85615C9}.Release|Any CPU.Build.0 = Release|Any CPU
		{73F0A533-6E24-4142-BEE8-EC23468B7D73}.Debug|Any CPU.ActiveCfg = Debug|Any CPU
		{73F0A533-6E24-4142-BEE8-EC23468B7D73}.Debug|Any CPU.Build.0 = Debug|Any CPU
		{73F0A533-6E24-4142-BEE8-EC23468B7D73}.Release|Any CPU.ActiveCfg = Release|Any CPU
		{73F0A533-6E24-4142-BEE8-EC23468B7D73}.Release|Any CPU.Build.0 = Release|Any CPU
		{15636ED6-A1E1-4FFE-9080-AD541CC40E2B}.Debug|Any CPU.ActiveCfg = Debug|Any CPU
		{15636ED6-A1E1-4FFE-9080-AD541CC40E2B}.Debug|Any CPU.Build.0 = Debug|Any CPU
		{15636ED6-A1E1-4FFE-9080-AD541CC40E2B}.Release|Any CPU.ActiveCfg = Release|Any CPU
		{15636ED6-A1E1-4FFE-9080-AD541CC40E2B}.Release|Any CPU.Build.0 = Release|Any CPU
	EndGlobalSection
	GlobalSection(SolutionProperties) = preSolution
		HideSolutionNode = FALSE
	EndGlobalSection
	GlobalSection(ExtensibilityGlobals) = postSolution
		SolutionGuid = {08A23556-1CDF-4B6A-BC3D-46AA92B1B3AD}
	EndGlobalSection
EndGlobal
