
Microsoft Visual Studio Solution File, Format Version 12.00
# Visual Studio 15
VisualStudioVersion = 15.0.27130.2026
MinimumVisualStudioVersion = 10.0.40219.1
Project("{FAE04EC0-301F-11D3-BF4B-00C04F79EFBC}") = "GCop.String", "GCop.String\GCop.String\GCop.String.csproj", "{46CD3B2C-9C96-4080-8477-781FFEEC17F0}"
EndProject
Project("{FAE04EC0-301F-11D3-BF4B-00C04F79EFBC}") = "GCop.String.Test", "GCop.String\GCop.String.Test\GCop.String.Test.csproj", "{F2EFFE15-C73D-4E4F-8E73-9BAE3D548D40}"
EndProject
Project("{FAE04EC0-301F-11D3-BF4B-00C04F79EFBC}") = "GCop.String.Vsix", "GCop.String\GCop.String.Vsix\GCop.String.Vsix.csproj", "{C6CFCD7F-1D7A-4A7D-A0E5-3C3C1B85ABB4}"
EndProject
Global
	GlobalSection(SolutionConfigurationPlatforms) = preSolution
		Debug|Any CPU = Debug|Any CPU
		Release|Any CPU = Release|Any CPU
	EndGlobalSection
	GlobalSection(ProjectConfigurationPlatforms) = postSolution
		{46CD3B2C-9C96-4080-8477-781FFEEC17F0}.Debug|Any CPU.ActiveCfg = Debug|Any CPU
		{46CD3B2C-9C96-4080-8477-781FFEEC17F0}.Debug|Any CPU.Build.0 = Debug|Any CPU
		{46CD3B2C-9C96-4080-8477-781FFEEC17F0}.Release|Any CPU.ActiveCfg = Release|Any CPU
		{46CD3B2C-9C96-4080-8477-781FFEEC17F0}.Release|Any CPU.Build.0 = Release|Any CPU
		{F2EFFE15-C73D-4E4F-8E73-9BAE3D548D40}.Debug|Any CPU.ActiveCfg = Debug|Any CPU
		{F2EFFE15-C73D-4E4F-8E73-9BAE3D548D40}.Debug|Any CPU.Build.0 = Debug|Any CPU
		{F2EFFE15-C73D-4E4F-8E73-9BAE3D548D40}.Release|Any CPU.ActiveCfg = Release|Any CPU
		{F2EFFE15-C73D-4E4F-8E73-9BAE3D548D40}.Release|Any CPU.Build.0 = Release|Any CPU
		{C6CFCD7F-1D7A-4A7D-A0E5-3C3C1B85ABB4}.Debug|Any CPU.ActiveCfg = Debug|Any CPU
		{C6CFCD7F-1D7A-4A7D-A0E5-3C3C1B85ABB4}.Debug|Any CPU.Build.0 = Debug|Any CPU
		{C6CFCD7F-1D7A-4A7D-A0E5-3C3C1B85ABB4}.Release|Any CPU.ActiveCfg = Release|Any CPU
		{C6CFCD7F-1D7A-4A7D-A0E5-3C3C1B85ABB4}.Release|Any CPU.Build.0 = Release|Any CPU
	EndGlobalSection
	GlobalSection(SolutionProperties) = preSolution
		HideSolutionNode = FALSE
	EndGlobalSection
	GlobalSection(ExtensibilityGlobals) = postSolution
		SolutionGuid = {20D9B9A4-46B7-4651-B98F-9FD4708A22A4}
	EndGlobalSection
EndGlobal
