
Microsoft Visual Studio Solution File, Format Version 12.00
# Visual Studio 15
VisualStudioVersion = 15.0.27130.2026
MinimumVisualStudioVersion = 10.0.40219.1
Project("{FAE04EC0-301F-11D3-BF4B-00C04F79EFBC}") = "GCop.Common", "GCop.Common\GCop.Common\GCop.Common.csproj", "{B5116B92-6EAE-499F-975D-180507D306F6}"
EndProject
Project("{FAE04EC0-301F-11D3-BF4B-00C04F79EFBC}") = "GCop.Common.Test", "GCop.Common\GCop.Common.Test\GCop.Common.Test.csproj", "{60773100-7CCA-4817-A4F6-DF53533D9B6E}"
EndProject
Project("{FAE04EC0-301F-11D3-BF4B-00C04F79EFBC}") = "GCop.Common.Vsix", "GCop.Common\GCop.Common.Vsix\GCop.Common.Vsix.csproj", "{76F1C4C2-F2A9-4CF1-9155-A57DF4F1D247}"
EndProject
Global
	GlobalSection(SolutionConfigurationPlatforms) = preSolution
		Debug|Any CPU = Debug|Any CPU
		Release|Any CPU = Release|Any CPU
	EndGlobalSection
	GlobalSection(ProjectConfigurationPlatforms) = postSolution
		{B5116B92-6EAE-499F-975D-180507D306F6}.Debug|Any CPU.ActiveCfg = Debug|Any CPU
		{B5116B92-6EAE-499F-975D-180507D306F6}.Debug|Any CPU.Build.0 = Debug|Any CPU
		{B5116B92-6EAE-499F-975D-180507D306F6}.Release|Any CPU.ActiveCfg = Release|Any CPU
		{B5116B92-6EAE-499F-975D-180507D306F6}.Release|Any CPU.Build.0 = Release|Any CPU
		{60773100-7CCA-4817-A4F6-DF53533D9B6E}.Debug|Any CPU.ActiveCfg = Debug|Any CPU
		{60773100-7CCA-4817-A4F6-DF53533D9B6E}.Debug|Any CPU.Build.0 = Debug|Any CPU
		{60773100-7CCA-4817-A4F6-DF53533D9B6E}.Release|Any CPU.ActiveCfg = Release|Any CPU
		{60773100-7CCA-4817-A4F6-DF53533D9B6E}.Release|Any CPU.Build.0 = Release|Any CPU
		{76F1C4C2-F2A9-4CF1-9155-A57DF4F1D247}.Debug|Any CPU.ActiveCfg = Debug|Any CPU
		{76F1C4C2-F2A9-4CF1-9155-A57DF4F1D247}.Debug|Any CPU.Build.0 = Debug|Any CPU
		{76F1C4C2-F2A9-4CF1-9155-A57DF4F1D247}.Release|Any CPU.ActiveCfg = Release|Any CPU
		{76F1C4C2-F2A9-4CF1-9155-A57DF4F1D247}.Release|Any CPU.Build.0 = Release|Any CPU
	EndGlobalSection
	GlobalSection(SolutionProperties) = preSolution
		HideSolutionNode = FALSE
	EndGlobalSection
	GlobalSection(ExtensibilityGlobals) = postSolution
		SolutionGuid = {EF7BE2E5-66FD-4CE6-9BE3-F3D555ECA406}
	EndGlobalSection
EndGlobal
