
Microsoft Visual Studio Solution File, Format Version 12.00
# Visual Studio 15
VisualStudioVersion = 15.0.27130.2026
MinimumVisualStudioVersion = 10.0.40219.1
Project("{FAE04EC0-301F-11D3-BF4B-00C04F79EFBC}") = "GCop.MSharp", "GCop.MSharp\GCop.MSharp\GCop.MSharp.csproj", "{CD58F72C-37A2-4EEE-A405-E710E5649B66}"
EndProject
Project("{FAE04EC0-301F-11D3-BF4B-00C04F79EFBC}") = "GCop.MSharp.Test", "GCop.MSharp\GCop.MSharp.Test\GCop.MSharp.Test.csproj", "{040A0F81-8F13-4A4C-97C8-D1410FB78748}"
EndProject
Project("{FAE04EC0-301F-11D3-BF4B-00C04F79EFBC}") = "GCop.MSharp.Vsix", "GCop.MSharp\GCop.MSharp.Vsix\GCop.MSharp.Vsix.csproj", "{0F693CCB-4439-4A57-A975-B63DF196B5E6}"
EndProject
Global
	GlobalSection(SolutionConfigurationPlatforms) = preSolution
		Debug|Any CPU = Debug|Any CPU
		Release|Any CPU = Release|Any CPU
	EndGlobalSection
	GlobalSection(ProjectConfigurationPlatforms) = postSolution
		{CD58F72C-37A2-4EEE-A405-E710E5649B66}.Debug|Any CPU.ActiveCfg = Debug|Any CPU
		{CD58F72C-37A2-4EEE-A405-E710E5649B66}.Debug|Any CPU.Build.0 = Debug|Any CPU
		{CD58F72C-37A2-4EEE-A405-E710E5649B66}.Release|Any CPU.ActiveCfg = Release|Any CPU
		{CD58F72C-37A2-4EEE-A405-E710E5649B66}.Release|Any CPU.Build.0 = Release|Any CPU
		{040A0F81-8F13-4A4C-97C8-D1410FB78748}.Debug|Any CPU.ActiveCfg = Debug|Any CPU
		{040A0F81-8F13-4A4C-97C8-D1410FB78748}.Debug|Any CPU.Build.0 = Debug|Any CPU
		{040A0F81-8F13-4A4C-97C8-D1410FB78748}.Release|Any CPU.ActiveCfg = Release|Any CPU
		{040A0F81-8F13-4A4C-97C8-D1410FB78748}.Release|Any CPU.Build.0 = Release|Any CPU
		{0F693CCB-4439-4A57-A975-B63DF196B5E6}.Debug|Any CPU.ActiveCfg = Debug|Any CPU
		{0F693CCB-4439-4A57-A975-B63DF196B5E6}.Debug|Any CPU.Build.0 = Debug|Any CPU
		{0F693CCB-4439-4A57-A975-B63DF196B5E6}.Release|Any CPU.ActiveCfg = Release|Any CPU
		{0F693CCB-4439-4A57-A975-B63DF196B5E6}.Release|Any CPU.Build.0 = Release|Any CPU
	EndGlobalSection
	GlobalSection(SolutionProperties) = preSolution
		HideSolutionNode = FALSE
	EndGlobalSection
	GlobalSection(ExtensibilityGlobals) = postSolution
		SolutionGuid = {A67ED32D-940F-429C-89E3-F279E932CB44}
	EndGlobalSection
EndGlobal
