
Microsoft Visual Studio Solution File, Format Version 12.00
# Visual Studio 15
VisualStudioVersion = 15.0.27130.2026
MinimumVisualStudioVersion = 10.0.40219.1
Project("{FAE04EC0-301F-11D3-BF4B-00C04F79EFBC}") = "GCop.Linq", "GCop.Linq\GCop.Linq\GCop.Linq.csproj", "{BE8D1C34-1523-4504-B9EE-3804A1D6A9CE}"
EndProject
Project("{FAE04EC0-301F-11D3-BF4B-00C04F79EFBC}") = "GCop.Linq.Test", "GCop.Linq\GCop.Linq.Test\GCop.Linq.Test.csproj", "{1DB5532E-67FC-4B46-BF03-6CEE9F45C409}"
EndProject
Project("{FAE04EC0-301F-11D3-BF4B-00C04F79EFBC}") = "GCop.Linq.Vsix", "GCop.Linq\GCop.Linq.Vsix\GCop.Linq.Vsix.csproj", "{C6D6659C-547A-4453-84EE-7215D850FAAC}"
EndProject
Global
	GlobalSection(SolutionConfigurationPlatforms) = preSolution
		Debug|Any CPU = Debug|Any CPU
		Release|Any CPU = Release|Any CPU
	EndGlobalSection
	GlobalSection(ProjectConfigurationPlatforms) = postSolution
		{BE8D1C34-1523-4504-B9EE-3804A1D6A9CE}.Debug|Any CPU.ActiveCfg = Debug|Any CPU
		{BE8D1C34-1523-4504-B9EE-3804A1D6A9CE}.Debug|Any CPU.Build.0 = Debug|Any CPU
		{BE8D1C34-1523-4504-B9EE-3804A1D6A9CE}.Release|Any CPU.ActiveCfg = Release|Any CPU
		{BE8D1C34-1523-4504-B9EE-3804A1D6A9CE}.Release|Any CPU.Build.0 = Release|Any CPU
		{1DB5532E-67FC-4B46-BF03-6CEE9F45C409}.Debug|Any CPU.ActiveCfg = Debug|Any CPU
		{1DB5532E-67FC-4B46-BF03-6CEE9F45C409}.Debug|Any CPU.Build.0 = Debug|Any CPU
		{1DB5532E-67FC-4B46-BF03-6CEE9F45C409}.Release|Any CPU.ActiveCfg = Release|Any CPU
		{1DB5532E-67FC-4B46-BF03-6CEE9F45C409}.Release|Any CPU.Build.0 = Release|Any CPU
		{C6D6659C-547A-4453-84EE-7215D850FAAC}.Debug|Any CPU.ActiveCfg = Debug|Any CPU
		{C6D6659C-547A-4453-84EE-7215D850FAAC}.Debug|Any CPU.Build.0 = Debug|Any CPU
		{C6D6659C-547A-4453-84EE-7215D850FAAC}.Release|Any CPU.ActiveCfg = Release|Any CPU
		{C6D6659C-547A-4453-84EE-7215D850FAAC}.Release|Any CPU.Build.0 = Release|Any CPU
	EndGlobalSection
	GlobalSection(SolutionProperties) = preSolution
		HideSolutionNode = FALSE
	EndGlobalSection
	GlobalSection(ExtensibilityGlobals) = postSolution
		SolutionGuid = {D6BCEF71-5FB7-4D8F-9B49-72044996110F}
	EndGlobalSection
EndGlobal
