
Microsoft Visual Studio Solution File, Format Version 12.00
# Visual Studio 15
VisualStudioVersion = 15.0.27130.2026
MinimumVisualStudioVersion = 10.0.40219.1
Project("{FAE04EC0-301F-11D3-BF4B-00C04F79EFBC}") = "GCop.Thread", "GCop.Thread\GCop.Thread\GCop.Thread.csproj", "{201BC407-18CB-49CE-B231-DD1BBB894819}"
EndProject
Project("{FAE04EC0-301F-11D3-BF4B-00C04F79EFBC}") = "GCop.Thread.Test", "GCop.Thread\GCop.Thread.Test\GCop.Thread.Test.csproj", "{76913F6F-D75B-4D80-B6C9-E4D63E75E31A}"
EndProject
Project("{FAE04EC0-301F-11D3-BF4B-00C04F79EFBC}") = "GCop.Thread.Vsix", "GCop.Thread\GCop.Thread.Vsix\GCop.Thread.Vsix.csproj", "{D1E822CD-DD4A-418D-B6C8-39DE7A770478}"
EndProject
Global
	GlobalSection(SolutionConfigurationPlatforms) = preSolution
		Debug|Any CPU = Debug|Any CPU
		Release|Any CPU = Release|Any CPU
	EndGlobalSection
	GlobalSection(ProjectConfigurationPlatforms) = postSolution
		{201BC407-18CB-49CE-B231-DD1BBB894819}.Debug|Any CPU.ActiveCfg = Debug|Any CPU
		{201BC407-18CB-49CE-B231-DD1BBB894819}.Debug|Any CPU.Build.0 = Debug|Any CPU
		{201BC407-18CB-49CE-B231-DD1BBB894819}.Release|Any CPU.ActiveCfg = Release|Any CPU
		{201BC407-18CB-49CE-B231-DD1BBB894819}.Release|Any CPU.Build.0 = Release|Any CPU
		{76913F6F-D75B-4D80-B6C9-E4D63E75E31A}.Debug|Any CPU.ActiveCfg = Debug|Any CPU
		{76913F6F-D75B-4D80-B6C9-E4D63E75E31A}.Debug|Any CPU.Build.0 = Debug|Any CPU
		{76913F6F-D75B-4D80-B6C9-E4D63E75E31A}.Release|Any CPU.ActiveCfg = Release|Any CPU
		{76913F6F-D75B-4D80-B6C9-E4D63E75E31A}.Release|Any CPU.Build.0 = Release|Any CPU
		{D1E822CD-DD4A-418D-B6C8-39DE7A770478}.Debug|Any CPU.ActiveCfg = Debug|Any CPU
		{D1E822CD-DD4A-418D-B6C8-39DE7A770478}.Debug|Any CPU.Build.0 = Debug|Any CPU
		{D1E822CD-DD4A-418D-B6C8-39DE7A770478}.Release|Any CPU.ActiveCfg = Release|Any CPU
		{D1E822CD-DD4A-418D-B6C8-39DE7A770478}.Release|Any CPU.Build.0 = Release|Any CPU
	EndGlobalSection
	GlobalSection(SolutionProperties) = preSolution
		HideSolutionNode = FALSE
	EndGlobalSection
	GlobalSection(ExtensibilityGlobals) = postSolution
		SolutionGuid = {87D25E2B-F889-461E-8E2E-A5F6989629BF}
	EndGlobalSection
EndGlobal
